{
  "nodes": {
    "flake-utils": {
      "inputs": {
        "systems": "systems"
      },
      "locked": {
        "lastModified": 1731533236,
        "narHash": "sha256-l0KFg5HjrsfsO/JpG+r7fRrqm12kzFHyUHqHCVpMMbI=",
        "owner": "numtide",
        "repo": "flake-utils",
        "rev": "11707dc2f618dd54ca8739b309ec4fc024de578b",
        "type": "github"
      },
      "original": {
        "owner": "numtide",
        "repo": "flake-utils",
        "type": "github"
      }
    },
    "flake-utils_2": {
      "inputs": {
        "systems": "systems_2"
      },
      "locked": {
        "lastModified": 1694529238,
        "narHash": "sha256-zsNZZGTGnMOf9YpHKJqMSsa0dXbfmxeoJ7xHlrt+xmY=",
        "owner": "numtide",
        "repo": "flake-utils",
        "rev": "ff7b65b44d01cf9ba6a71320833626af21126384",
        "type": "github"
      },
      "original": {
        "owner": "numtide",
        "repo": "flake-utils",
        "type": "github"
      }
    },
    "flake-utils_3": {
      "locked": {
        "lastModified": 1667395993,
        "narHash": "sha256-nuEHfE/LcWyuSWnS8t12N1wc105Qtau+/OdUAjtQ0rA=",
        "owner": "numtide",
        "repo": "flake-utils",
        "rev": "5aed5285a952e0b949eb3ba02c12fa4fcfef535f",
        "type": "github"
      },
      "original": {
        "owner": "numtide",
        "repo": "flake-utils",
        "type": "github"
      }
    },
    "gitignore": {
      "inputs": {
        "nixpkgs": [
          "webfortune",
          "templ",
          "nixpkgs"
        ]
      },
      "locked": {
        "lastModified": 1709087332,
        "narHash": "sha256-HG2cCnktfHsKV0s4XW83gU3F57gaTljL9KNSuG6bnQs=",
        "owner": "hercules-ci",
        "repo": "gitignore.nix",
        "rev": "637db329424fd7e46cf4185293b9cc8c88c95394",
        "type": "github"
      },
      "original": {
        "owner": "hercules-ci",
        "repo": "gitignore.nix",
        "type": "github"
      }
    },
    "gomod2nix": {
      "inputs": {
        "flake-utils": "flake-utils_2",
        "nixpkgs": [
          "webfortune",
          "templ",
          "nixpkgs"
        ]
      },
      "locked": {
        "lastModified": 1710154385,
        "narHash": "sha256-4c3zQ2YY4BZOufaBJB4v9VBBeN2dH7iVdoJw8SDNCfI=",
        "owner": "nix-community",
        "repo": "gomod2nix",
        "rev": "872b63ddd28f318489c929d25f1f0a3c6039c971",
        "type": "github"
      },
      "original": {
        "owner": "nix-community",
        "repo": "gomod2nix",
        "type": "github"
      }
    },
    "nixpkgs": {
      "locked": {
        "lastModified": 1766651565,
        "narHash": "sha256-QEhk0eXgyIqTpJ/ehZKg9IKS7EtlWxF3N7DXy42zPfU=",
        "owner": "NixOS",
        "repo": "nixpkgs",
        "rev": "3e2499d5539c16d0d173ba53552a4ff8547f4539",
        "type": "github"
      },
      "original": {
        "owner": "NixOS",
        "ref": "nixos-unstable",
        "repo": "nixpkgs",
        "type": "github"
      }
    },
    "root": {
      "inputs": {
        "flake-utils": "flake-utils",
        "nixpkgs": "nixpkgs",
        "webfortune": "webfortune"
      }
    },
    "systems": {
      "locked": {
        "lastModified": 1681028828,
        "narHash": "sha256-Vy1rq5AaRuLzOxct8nz4T6wlgyUR7zLU309k9mBC768=",
        "owner": "nix-systems",
        "repo": "default",
        "rev": "da67096a3b9bf56a91d16901293e51ba5b49a27e",
        "type": "github"
      },
      "original": {
        "owner": "nix-systems",
        "repo": "default",
        "type": "github"
      }
    },
    "systems_2": {
      "locked": {
        "lastModified": 1681028828,
        "narHash": "sha256-Vy1rq5AaRuLzOxct8nz4T6wlgyUR7zLU309k9mBC768=",
        "owner": "nix-systems",
        "repo": "default",
        "rev": "da67096a3b9bf56a91d16901293e51ba5b49a27e",
        "type": "github"
      },
      "original": {
        "owner": "nix-systems",
        "repo": "default",
        "type": "github"
      }
    },
    "templ": {
      "inputs": {
        "gitignore": "gitignore",
        "gomod2nix": "gomod2nix",
        "nixpkgs": [
          "webfortune",
          "nixpkgs"
        ],
        "xc": "xc"
      },
      "locked": {
        "lastModified": 1725786353,
        "narHash": "sha256-lU8aVTw73HX0lNGPyD8Xnvtnr2VFTXv/S6xCVn6Lg74=",
        "owner": "a-h",
        "repo": "templ",
        "rev": "e2511cd57e5ecd28ce6e3d944c87f1e31e20b596",
        "type": "github"
      },
      "original": {
        "owner": "a-h",
        "ref": "v0.2.778",
        "repo": "templ",
        "type": "github"
      }
    },
    "webfortune": {
      "inputs": {
        "flake-utils": [
          "flake-utils"
        ],
        "nixpkgs": [
          "nixpkgs"
        ],
        "templ": "templ"
      },
      "locked": {
        "lastModified": 1729709451,
        "narHash": "sha256-pHahcDWT8l4DYOdCwx0wjek4YhLapvs1srHW6VYAlfM=",
        "owner": "sumnerevans",
        "repo": "webfortune",
        "rev": "4c4266c664fd3b5d1a0805a8c8758fb778ec0bcb",
        "type": "github"
      },
      "original": {
        "owner": "sumnerevans",
        "repo": "webfortune",
        "type": "github"
      }
    },
    "xc": {
      "inputs": {
        "flake-utils": "flake-utils_3",
        "nixpkgs": [
          "webfortune",
          "templ",
          "nixpkgs"
        ]
      },
      "locked": {
        "lastModified": 1709043057,
        "narHash": "sha256-F/u9u1vevCUqgCz0WjcCOPcN+h9kLEP73nBqie86J2w=",
        "owner": "joerdav",
        "repo": "xc",
        "rev": "52cfa7e7f2d5a0d97b45a6f69ff1403a901e78c6",
        "type": "github"
      },
      "original": {
        "owner": "joerdav",
        "repo": "xc",
        "type": "github"
      }
    }
  },
  "root": "root",
  "version": 7
}
