{
  "nodes": {
    "flake-utils": {
      "inputs": {
        "systems": "systems"
      },
      "locked": {
        "lastModified": 1710146030,
        "narHash": "sha256-SZ5L6eA7HJ/nmkzGG7/ISclqe6oZdOZTNoesiInkXPQ=",
        "owner": "numtide",
        "repo": "flake-utils",
        "rev": "b1d9ab70662946ef0850d488da1c9019f3a9752a",
        "type": "github"
      },
      "original": {
        "owner": "numtide",
        "repo": "flake-utils",
        "type": "github"
      }
    },
    "flake-utils_2": {
      "locked": {
        "lastModified": 1667395993,
        "narHash": "sha256-nuEHfE/LcWyuSWnS8t12N1wc105Qtau+/OdUAjtQ0rA=",
        "owner": "numtide",
        "repo": "flake-utils",
        "rev": "5aed5285a952e0b949eb3ba02c12fa4fcfef535f",
        "type": "github"
      },
      "original": {
        "owner": "numtide",
        "repo": "flake-utils",
        "type": "github"
      }
    },
    "gitignore": {
      "inputs": {
        "nixpkgs": [
          "webfortune",
          "templ",
          "nixpkgs"
        ]
      },
      "locked": {
        "lastModified": 1694102001,
        "narHash": "sha256-vky6VPK1n1od6vXbqzOXnekrQpTL4hbPAwUhT5J9c9E=",
        "owner": "hercules-ci",
        "repo": "gitignore.nix",
        "rev": "9e21c80adf67ebcb077d75bd5e7d724d21eeafd6",
        "type": "github"
      },
      "original": {
        "owner": "hercules-ci",
        "repo": "gitignore.nix",
        "type": "github"
      }
    },
    "nixpkgs": {
      "locked": {
        "lastModified": 1712963716,
        "narHash": "sha256-WKm9CvgCldeIVvRz87iOMi8CFVB1apJlkUT4GGvA0iM=",
        "owner": "NixOS",
        "repo": "nixpkgs",
        "rev": "cfd6b5fc90b15709b780a5a1619695a88505a176",
        "type": "github"
      },
      "original": {
        "owner": "NixOS",
        "ref": "nixos-unstable",
        "repo": "nixpkgs",
        "type": "github"
      }
    },
    "root": {
      "inputs": {
        "flake-utils": "flake-utils",
        "nixpkgs": "nixpkgs",
        "webfortune": "webfortune"
      }
    },
    "systems": {
      "locked": {
        "lastModified": 1681028828,
        "narHash": "sha256-Vy1rq5AaRuLzOxct8nz4T6wlgyUR7zLU309k9mBC768=",
        "owner": "nix-systems",
        "repo": "default",
        "rev": "da67096a3b9bf56a91d16901293e51ba5b49a27e",
        "type": "github"
      },
      "original": {
        "owner": "nix-systems",
        "repo": "default",
        "type": "github"
      }
    },
    "templ": {
      "inputs": {
        "gitignore": "gitignore",
        "nixpkgs": [
          "webfortune",
          "nixpkgs"
        ],
        "xc": "xc"
      },
      "locked": {
        "lastModified": 1706214713,
        "narHash": "sha256-A99GBzxmrAhjPzo5qj6V3YWkQJavs9j9beMtNYqGnqo=",
        "owner": "a-h",
        "repo": "templ",
        "rev": "a52176dbbc60c2ad89d7b17095ea0c12232b974b",
        "type": "github"
      },
      "original": {
        "owner": "a-h",
        "ref": "v0.2.543",
        "repo": "templ",
        "type": "github"
      }
    },
    "webfortune": {
      "inputs": {
        "flake-utils": [
          "flake-utils"
        ],
        "nixpkgs": [
          "nixpkgs"
        ],
        "templ": "templ"
      },
      "locked": {
        "lastModified": 1708654099,
        "narHash": "sha256-RmJCGRbEoUt+S6dHHz7T8t3wDkTeUzqstaVhmz/HI7k=",
        "owner": "sumnerevans",
        "repo": "webfortune",
        "rev": "eaf2b47a96608203774d66afee276df490f478b5",
        "type": "github"
      },
      "original": {
        "owner": "sumnerevans",
        "repo": "webfortune",
        "type": "github"
      }
    },
    "xc": {
      "inputs": {
        "flake-utils": "flake-utils_2",
        "nixpkgs": [
          "webfortune",
          "templ",
          "nixpkgs"
        ]
      },
      "locked": {
        "lastModified": 1703164129,
        "narHash": "sha256-kCcCqqwvjN07H8FPG4tXsRVRcMqT8dUNt9pwW1kKAe8=",
        "owner": "joerdav",
        "repo": "xc",
        "rev": "0655cccfcf036556aeaddfb8f45dc7e8dd1b3680",
        "type": "github"
      },
      "original": {
        "owner": "joerdav",
        "repo": "xc",
        "type": "github"
      }
    }
  },
  "root": "root",
  "version": 7
}
